{
    "version": 3,
    "terraform_version": "0.8.8",
    "serial": 5,
    "lineage": "a7f6e756-e7cc-4e44-bc49-811b41da8e6c",
    "modules": [
        {
            "path": [
                "root"
            ],
            "outputs": {},
            "resources": {
                "azurerm_resource_group.test": {
                    "type": "azurerm_resource_group",
                    "depends_on": [],
                    "primary": {
                        "id": "/subscriptions/65ea6ec6-cfef-4558-bccf-db7b6f4930ca/resourceGroups/dbgroup",
                        "attributes": {
                            "id": "/subscriptions/65ea6ec6-cfef-4558-bccf-db7b6f4930ca/resourceGroups/dbgroup",
                            "location": "westus",
                            "name": "dbgroup",
                            "tags.%": "0"
                        },
                        "meta": {},
                        "tainted": false
                    },
                    "deposed": [],
                    "provider": ""
                },
                "azurerm_storage_account.test": {
                    "type": "azurerm_storage_account",
                    "depends_on": [
                        "azurerm_resource_group.test"
                    ],
                    "primary": {
                        "id": "/subscriptions/65ea6ec6-cfef-4558-bccf-db7b6f4930ca/resourceGroups/dbgroup/providers/Microsoft.Storage/storageAccounts/tadakamalla",
                        "attributes": {
                            "account_kind": "Storage",
                            "account_type": "Standard_LRS",
                            "id": "/subscriptions/65ea6ec6-cfef-4558-bccf-db7b6f4930ca/resourceGroups/dbgroup/providers/Microsoft.Storage/storageAccounts/tadakamalla",
                            "location": "westus",
                            "name": "tadakamalla",
                            "primary_access_key": "k8XUnK23ufcC/bI1eNBC4g1fdvi45zz7ivjBkiN7If9E9IJ98M9+3cuREKev6Le/2u7pXnJq1vJn8Mt0sZpZLA==",
                            "primary_blob_endpoint": "https://tadakamalla.blob.core.windows.net/",
                            "primary_file_endpoint": "https://tadakamalla.file.core.windows.net/",
                            "primary_location": "westus",
                            "primary_queue_endpoint": "https://tadakamalla.queue.core.windows.net/",
                            "primary_table_endpoint": "https://tadakamalla.table.core.windows.net/",
                            "resource_group_name": "dbgroup",
                            "secondary_access_key": "8pR4bBN3QTatGM3j1MZWbQ31D3/M/S+Guf5gyhz8a8EVa+NnpwQFvRmC/plpEIjxi2cEAummoYF7DPsxN/iMJg==",
                            "secondary_location": "",
                            "tags.%": "1",
                            "tags.environment": "staging"
                        },
                        "meta": {},
                        "tainted": false
                    },
                    "deposed": [],
                    "provider": ""
                },
                "azurerm_storage_container.test": {
                    "type": "azurerm_storage_container",
                    "depends_on": [
                        "azurerm_resource_group.test",
                        "azurerm_storage_account.test"
                    ],
                    "primary": {
                        "id": "vhds",
                        "attributes": {
                            "container_access_type": "private",
                            "id": "vhds",
                            "name": "vhds",
                            "properties.%": "4",
                            "properties.last_modified": "Fri, 21 Apr 2017 21:33:50 GMT",
                            "properties.lease_duration": "",
                            "properties.lease_state": "available",
                            "properties.lease_status": "unlocked",
                            "resource_group_name": "dbgroup",
                            "storage_account_name": "tadakamalla"
                        },
                        "meta": {},
                        "tainted": false
                    },
                    "deposed": [],
                    "provider": ""
                }
            },
            "depends_on": []
        }
    ]
}
