{
    "version": 3,
    "terraform_version": "0.8.8",
    "serial": 1,
    "lineage": "4fc3b9e4-b79c-4c33-bfa0-854b65a6ff3d",
    "modules": [
        {
            "path": [
                "root"
            ],
            "outputs": {},
            "resources": {
                "baremetal_core_instance.dbinstance": {
                    "type": "baremetal_core_instance",
                    "depends_on": [],
                    "primary": {
                        "id": "ocid1.instance.oc1.phx.abyhqljriobi2eh3yp5wjryxfvitd5dy3uwyvzn6pwsa5bv3wfnurdg4fdsq",
                        "attributes": {
                            "availability_domain": "Rmpq:PHX-AD-1",
                            "compartment_id": "ocid1.compartment.oc1..aaaaaaaa6qol5npt7axqzq4ijrcds2mv7dxyj7wmnojl4jrmlmipr2nq7w6a",
                            "display_name": "Testdb1",
                            "id": "ocid1.instance.oc1.phx.abyhqljriobi2eh3yp5wjryxfvitd5dy3uwyvzn6pwsa5bv3wfnurdg4fdsq",
                            "image": "ocid1.image.oc1.phx.aaaaaaaazt3sfrz2lfbha6okihvh4bwaufikhilhsek43hpvzxitl47nv2bq",
                            "metadata.%": "1",
                            "metadata.ssh_authorized_keys": "ssh-rsa AAAAB3NzaC1yc2EAAAABJQAAAQEAubnNvitlK3yb2EFrbwPDfiTQqdQOlMBOw90Y7HuTHE5MFukR5D25tZUIPJQOVlhBn9Ox1qHVXDfdfq5DBrZ0NGKogd+gGjCa4ZW+05Yrzvg5a9BLn7KMxP1FA1RuleRz+Y4tY/sGl422xSlCqGOi+gPFcIHtg8vKlvMFzA+MDXLhlEib/A0b++GEaxqgzlKPQVkg5m8Ed1n2/hfTHvnmbAAWQtbZIJGsYCrnz1mFjd4Jwq+n0wRUTY/Maq56HVYPaKv1mTvcS85s2WZJfa1r8jGWYRgWkjobRmnBYsd+ZkVSXQzV5l9T8eBtpFcicjT51rkDNQLpIAuwfSZVTAunNw== rsa-key-20170220",
                            "region": "phx",
                            "shape": "VM.Standard1.2",
                            "state": "RUNNING",
                            "subnet_id": "ocid1.subnet.oc1.phx.aaaaaaaal5d6p4phh3fp44i5zogicl4ghhrmyvntgiwrh2b2dusu7ie2ys6a",
                            "time_created": "2017-04-25 19:53:09.797 +0000 UTC"
                        },
                        "meta": {},
                        "tainted": false
                    },
                    "deposed": [],
                    "provider": ""
                }
            },
            "depends_on": []
        }
    ]
}
